// !$*UTF8*$!
{
	archiveVersion = 1;
	classes = {
	};
	objectVersion = 56;
	objects = {

/* Begin PBXBuildFile section */
		AF573B012C05A22C003001B9 /* AppDelegate.swift in Sources */ = {isa = PBXBuildFile; fileRef = AF573B002C05A22C003001B9 /* AppDelegate.swift */; };
		AF573B032C05A22C003001B9 /* SceneDelegate.swift in Sources */ = {isa = PBXBuildFile; fileRef = AF573B022C05A22C003001B9 /* SceneDelegate.swift */; };
		AF573B052C05A22C003001B9 /* HomeView.swift in Sources */ = {isa = PBXBuildFile; fileRef = AF573B042C05A22C003001B9 /* HomeView.swift */; };
		AF573B0A2C05A22D003001B9 /* Assets.xcassets in Resources */ = {isa = PBXBuildFile; fileRef = AF573B092C05A22D003001B9 /* Assets.xcassets */; };
		AF573B0D2C05A22D003001B9 /* Base in Resources */ = {isa = PBXBuildFile; fileRef = AF573B0C2C05A22D003001B9 /* Base */; };
		AF573B162C05AB98003001B9 /* SnapKit in Frameworks */ = {isa = PBXBuildFile; productRef = AF573B152C05AB98003001B9 /* SnapKit */; };
		AF573B182C05AB98003001B9 /* SnapKit-Dynamic in Frameworks */ = {isa = PBXBuildFile; productRef = AF573B172C05AB98003001B9 /* SnapKit-Dynamic */; };
		AF573B1A2C05AE7A003001B9 /* HexExtention.swift in Sources */ = {isa = PBXBuildFile; fileRef = AF573B192C05AE7A003001B9 /* HexExtention.swift */; };
		AF573B1C2C05B37A003001B9 /* TabBar.swift in Sources */ = {isa = PBXBuildFile; fileRef = AF573B1B2C05B37A003001B9 /* TabBar.swift */; };
		AF573B1E2C05B429003001B9 /* AnnounceView.swift in Sources */ = {isa = PBXBuildFile; fileRef = AF573B1D2C05B429003001B9 /* AnnounceView.swift */; };
		AF573B202C05B4D8003001B9 /* PlayList.swift in Sources */ = {isa = PBXBuildFile; fileRef = AF573B1F2C05B4D8003001B9 /* PlayList.swift */; };
		AF573B222C05B566003001B9 /* InfoView.swift in Sources */ = {isa = PBXBuildFile; fileRef = AF573B212C05B565003001B9 /* InfoView.swift */; };
		AF573B262C05BB11003001B9 /* CustomNavigationBarInMuzicPage.swift in Sources */ = {isa = PBXBuildFile; fileRef = AF573B252C05BB11003001B9 /* CustomNavigationBarInMuzicPage.swift */; };
		AF573B282C05BBF4003001B9 /* ButtonSettings.swift in Sources */ = {isa = PBXBuildFile; fileRef = AF573B272C05BBF4003001B9 /* ButtonSettings.swift */; };
		AF573B2E2C05BCB3003001B9 /* FontsEnum.swift in Sources */ = {isa = PBXBuildFile; fileRef = AF573B292C05BCB2003001B9 /* FontsEnum.swift */; };
		AF573B2F2C05BCB3003001B9 /* Satoshi-Bold.otf in Resources */ = {isa = PBXBuildFile; fileRef = AF573B2A2C05BCB2003001B9 /* Satoshi-Bold.otf */; };
		AF573B302C05BCB3003001B9 /* Satoshi-Italic.otf in Resources */ = {isa = PBXBuildFile; fileRef = AF573B2B2C05BCB2003001B9 /* Satoshi-Italic.otf */; };
		AF573B312C05BCB3003001B9 /* Satoshi-Regular.otf in Resources */ = {isa = PBXBuildFile; fileRef = AF573B2C2C05BCB2003001B9 /* Satoshi-Regular.otf */; };
		AF573B332C05BD9B003001B9 /* LabelSettings.swift in Sources */ = {isa = PBXBuildFile; fileRef = AF573B322C05BD9B003001B9 /* LabelSettings.swift */; };
/* End PBXBuildFile section */

/* Begin PBXFileReference section */
		AF573AFD2C05A22C003001B9 /* RadioTatina.app */ = {isa = PBXFileReference; explicitFileType = wrapper.application; includeInIndex = 0; path = RadioTatina.app; sourceTree = BUILT_PRODUCTS_DIR; };
		AF573B002C05A22C003001B9 /* AppDelegate.swift */ = {isa = PBXFileReference; lastKnownFileType = sourcecode.swift; path = AppDelegate.swift; sourceTree = "<group>"; };
		AF573B022C05A22C003001B9 /* SceneDelegate.swift */ = {isa = PBXFileReference; lastKnownFileType = sourcecode.swift; path = SceneDelegate.swift; sourceTree = "<group>"; };
		AF573B042C05A22C003001B9 /* HomeView.swift */ = {isa = PBXFileReference; lastKnownFileType = sourcecode.swift; path = HomeView.swift; sourceTree = "<group>"; };
		AF573B092C05A22D003001B9 /* Assets.xcassets */ = {isa = PBXFileReference; lastKnownFileType = folder.assetcatalog; path = Assets.xcassets; sourceTree = "<group>"; };
		AF573B0C2C05A22D003001B9 /* Base */ = {isa = PBXFileReference; lastKnownFileType = file.storyboard; name = Base; path = Base.lproj/LaunchScreen.storyboard; sourceTree = "<group>"; };
		AF573B0E2C05A22E003001B9 /* Info.plist */ = {isa = PBXFileReference; lastKnownFileType = text.plist.xml; path = Info.plist; sourceTree = "<group>"; };
		AF573B192C05AE7A003001B9 /* HexExtention.swift */ = {isa = PBXFileReference; lastKnownFileType = sourcecode.swift; path = HexExtention.swift; sourceTree = "<group>"; };
		AF573B1B2C05B37A003001B9 /* TabBar.swift */ = {isa = PBXFileReference; lastKnownFileType = sourcecode.swift; path = TabBar.swift; sourceTree = "<group>"; };
		AF573B1D2C05B429003001B9 /* AnnounceView.swift */ = {isa = PBXFileReference; lastKnownFileType = sourcecode.swift; path = AnnounceView.swift; sourceTree = "<group>"; };
		AF573B1F2C05B4D8003001B9 /* PlayList.swift */ = {isa = PBXFileReference; lastKnownFileType = sourcecode.swift; path = PlayList.swift; sourceTree = "<group>"; };
		AF573B212C05B565003001B9 /* InfoView.swift */ = {isa = PBXFileReference; lastKnownFileType = sourcecode.swift; path = InfoView.swift; sourceTree = "<group>"; };
		AF573B252C05BB11003001B9 /* CustomNavigationBarInMuzicPage.swift */ = {isa = PBXFileReference; fileEncoding = 4; lastKnownFileType = sourcecode.swift; path = CustomNavigationBarInMuzicPage.swift; sourceTree = "<group>"; };
		AF573B272C05BBF4003001B9 /* ButtonSettings.swift */ = {isa = PBXFileReference; fileEncoding = 4; lastKnownFileType = sourcecode.swift; path = ButtonSettings.swift; sourceTree = "<group>"; };
		AF573B292C05BCB2003001B9 /* FontsEnum.swift */ = {isa = PBXFileReference; fileEncoding = 4; lastKnownFileType = sourcecode.swift; path = FontsEnum.swift; sourceTree = "<group>"; };
		AF573B2A2C05BCB2003001B9 /* Satoshi-Bold.otf */ = {isa = PBXFileReference; lastKnownFileType = file; path = "Satoshi-Bold.otf"; sourceTree = "<group>"; };
		AF573B2B2C05BCB2003001B9 /* Satoshi-Italic.otf */ = {isa = PBXFileReference; lastKnownFileType = file; path = "Satoshi-Italic.otf"; sourceTree = "<group>"; };
		AF573B2C2C05BCB2003001B9 /* Satoshi-Regular.otf */ = {isa = PBXFileReference; lastKnownFileType = file; path = "Satoshi-Regular.otf"; sourceTree = "<group>"; };
		AF573B322C05BD9B003001B9 /* LabelSettings.swift */ = {isa = PBXFileReference; fileEncoding = 4; lastKnownFileType = sourcecode.swift; path = LabelSettings.swift; sourceTree = "<group>"; };
/* End PBXFileReference section */

/* Begin PBXFrameworksBuildPhase section */
		AF573AFA2C05A22C003001B9 /* Frameworks */ = {
			isa = PBXFrameworksBuildPhase;
			buildActionMask = 2147483647;
			files = (
				AF573B162C05AB98003001B9 /* SnapKit in Frameworks */,
				AF573B182C05AB98003001B9 /* SnapKit-Dynamic in Frameworks */,
			);
			runOnlyForDeploymentPostprocessing = 0;
		};
/* End PBXFrameworksBuildPhase section */

/* Begin PBXGroup section */
		AF573AF42C05A22C003001B9 = {
			isa = PBXGroup;
			children = (
				AF573AFF2C05A22C003001B9 /* RadioTatina */,
				AF573AFE2C05A22C003001B9 /* Products */,
			);
			sourceTree = "<group>";
		};
		AF573AFE2C05A22C003001B9 /* Products */ = {
			isa = PBXGroup;
			children = (
				AF573AFD2C05A22C003001B9 /* RadioTatina.app */,
			);
			name = Products;
			sourceTree = "<group>";
		};
		AF573AFF2C05A22C003001B9 /* RadioTatina */ = {
			isa = PBXGroup;
			children = (
				AF573B352C05D569003001B9 /* MVC */,
				AF573B342C05D534003001B9 /* Settings */,
				AF573B002C05A22C003001B9 /* AppDelegate.swift */,
				AF573B022C05A22C003001B9 /* SceneDelegate.swift */,
				AF573B092C05A22D003001B9 /* Assets.xcassets */,
				AF573B0B2C05A22D003001B9 /* LaunchScreen.storyboard */,
				AF573B0E2C05A22E003001B9 /* Info.plist */,
				AF573B2D2C05BCB2003001B9 /* Fonts */,
			);
			path = RadioTatina;
			sourceTree = "<group>";
		};
		AF573B2D2C05BCB2003001B9 /* Fonts */ = {
			isa = PBXGroup;
			children = (
				AF573B292C05BCB2003001B9 /* FontsEnum.swift */,
				AF573B2A2C05BCB2003001B9 /* Satoshi-Bold.otf */,
				AF573B2B2C05BCB2003001B9 /* Satoshi-Italic.otf */,
				AF573B2C2C05BCB2003001B9 /* Satoshi-Regular.otf */,
			);
			path = Fonts;
			sourceTree = "<group>";
		};
		AF573B342C05D534003001B9 /* Settings */ = {
			isa = PBXGroup;
			children = (
				AF573B192C05AE7A003001B9 /* HexExtention.swift */,
				AF573B272C05BBF4003001B9 /* ButtonSettings.swift */,
				AF573B322C05BD9B003001B9 /* LabelSettings.swift */,
				AF573B252C05BB11003001B9 /* CustomNavigationBarInMuzicPage.swift */,
			);
			path = Settings;
			sourceTree = "<group>";
		};
		AF573B352C05D569003001B9 /* MVC */ = {
			isa = PBXGroup;
			children = (
				AF573B1B2C05B37A003001B9 /* TabBar.swift */,
				AF573B362C05D57C003001B9 /* Views */,
			);
			path = MVC;
			sourceTree = "<group>";
		};
		AF573B362C05D57C003001B9 /* Views */ = {
			isa = PBXGroup;
			children = (
				AF573B042C05A22C003001B9 /* HomeView.swift */,
				AF573B1D2C05B429003001B9 /* AnnounceView.swift */,
				AF573B1F2C05B4D8003001B9 /* PlayList.swift */,
				AF573B212C05B565003001B9 /* InfoView.swift */,
			);
			path = Views;
			sourceTree = "<group>";
		};
/* End PBXGroup section */

/* Begin PBXNativeTarget section */
		AF573AFC2C05A22C003001B9 /* RadioTatina */ = {
			isa = PBXNativeTarget;
			buildConfigurationList = AF573B112C05A22E003001B9 /* Build configuration list for PBXNativeTarget "RadioTatina" */;
			buildPhases = (
				AF573AF92C05A22C003001B9 /* Sources */,
				AF573AFA2C05A22C003001B9 /* Frameworks */,
				AF573AFB2C05A22C003001B9 /* Resources */,
			);
			buildRules = (
			);
			dependencies = (
			);
			name = RadioTatina;
			packageProductDependencies = (
				AF573B152C05AB98003001B9 /* SnapKit */,
				AF573B172C05AB98003001B9 /* SnapKit-Dynamic */,
			);
			productName = RadioTatina;
			productReference = AF573AFD2C05A22C003001B9 /* RadioTatina.app */;
			productType = "com.apple.product-type.application";
		};
/* End PBXNativeTarget section */

/* Begin PBXProject section */
		AF573AF52C05A22C003001B9 /* Project object */ = {
			isa = PBXProject;
			attributes = {
				BuildIndependentTargetsInParallel = 1;
				LastSwiftUpdateCheck = 1530;
				LastUpgradeCheck = 1530;
				TargetAttributes = {
					AF573AFC2C05A22C003001B9 = {
						CreatedOnToolsVersion = 15.3;
					};
				};
			};
			buildConfigurationList = AF573AF82C05A22C003001B9 /* Build configuration list for PBXProject "RadioTatina" */;
			compatibilityVersion = "Xcode 14.0";
			developmentRegion = en;
			hasScannedForEncodings = 0;
			knownRegions = (
				en,
				Base,
			);
			mainGroup = AF573AF42C05A22C003001B9;
			packageReferences = (
				AF573B142C05AB98003001B9 /* XCRemoteSwiftPackageReference "SnapKit" */,
			);
			productRefGroup = AF573AFE2C05A22C003001B9 /* Products */;
			projectDirPath = "";
			projectRoot = "";
			targets = (
				AF573AFC2C05A22C003001B9 /* RadioTatina */,
			);
		};
/* End PBXProject section */

/* Begin PBXResourcesBuildPhase section */
		AF573AFB2C05A22C003001B9 /* Resources */ = {
			isa = PBXResourcesBuildPhase;
			buildActionMask = 2147483647;
			files = (
				AF573B312C05BCB3003001B9 /* Satoshi-Regular.otf in Resources */,
				AF573B2F2C05BCB3003001B9 /* Satoshi-Bold.otf in Resources */,
				AF573B0A2C05A22D003001B9 /* Assets.xcassets in Resources */,
				AF573B0D2C05A22D003001B9 /* Base in Resources */,
				AF573B302C05BCB3003001B9 /* Satoshi-Italic.otf in Resources */,
			);
			runOnlyForDeploymentPostprocessing = 0;
		};
/* End PBXResourcesBuildPhase section */

/* Begin PBXSourcesBuildPhase section */
		AF573AF92C05A22C003001B9 /* Sources */ = {
			isa = PBXSourcesBuildPhase;
			buildActionMask = 2147483647;
			files = (
				AF573B282C05BBF4003001B9 /* ButtonSettings.swift in Sources */,
				AF573B222C05B566003001B9 /* InfoView.swift in Sources */,
				AF573B1A2C05AE7A003001B9 /* HexExtention.swift in Sources */,
				AF573B1E2C05B429003001B9 /* AnnounceView.swift in Sources */,
				AF573B202C05B4D8003001B9 /* PlayList.swift in Sources */,
				AF573B052C05A22C003001B9 /* HomeView.swift in Sources */,
				AF573B012C05A22C003001B9 /* AppDelegate.swift in Sources */,
				AF573B032C05A22C003001B9 /* SceneDelegate.swift in Sources */,
				AF573B2E2C05BCB3003001B9 /* FontsEnum.swift in Sources */,
				AF573B1C2C05B37A003001B9 /* TabBar.swift in Sources */,
				AF573B262C05BB11003001B9 /* CustomNavigationBarInMuzicPage.swift in Sources */,
				AF573B332C05BD9B003001B9 /* LabelSettings.swift in Sources */,
			);
			runOnlyForDeploymentPostprocessing = 0;
		};
/* End PBXSourcesBuildPhase section */

/* Begin PBXVariantGroup section */
		AF573B0B2C05A22D003001B9 /* LaunchScreen.storyboard */ = {
			isa = PBXVariantGroup;
			children = (
				AF573B0C2C05A22D003001B9 /* Base */,
			);
			name = LaunchScreen.storyboard;
			sourceTree = "<group>";
		};
/* End PBXVariantGroup section */

/* Begin XCBuildConfiguration section */
		AF573B0F2C05A22E003001B9 /* Debug */ = {
			isa = XCBuildConfiguration;
			buildSettings = {
				ALWAYS_SEARCH_USER_PATHS = NO;
				ASSETCATALOG_COMPILER_GENERATE_SWIFT_ASSET_SYMBOL_EXTENSIONS = YES;
				CLANG_ANALYZER_NONNULL = YES;
				CLANG_ANALYZER_NUMBER_OBJECT_CONVERSION = YES_AGGRESSIVE;
				CLANG_CXX_LANGUAGE_STANDARD = "gnu++20";
				CLANG_ENABLE_MODULES = YES;
				CLANG_ENABLE_OBJC_ARC = YES;
				CLANG_ENABLE_OBJC_WEAK = YES;
				CLANG_WARN_BLOCK_CAPTURE_AUTORELEASING = YES;
				CLANG_WARN_BOOL_CONVERSION = YES;
				CLANG_WARN_COMMA = YES;
				CLANG_WARN_CONSTANT_CONVERSION = YES;
				CLANG_WARN_DEPRECATED_OBJC_IMPLEMENTATIONS = YES;
				CLANG_WARN_DIRECT_OBJC_ISA_USAGE = YES_ERROR;
				CLANG_WARN_DOCUMENTATION_COMMENTS = YES;
				CLANG_WARN_EMPTY_BODY = YES;
				CLANG_WARN_ENUM_CONVERSION = YES;
				CLANG_WARN_INFINITE_RECURSION = YES;
				CLANG_WARN_INT_CONVERSION = YES;
				CLANG_WARN_NON_LITERAL_NULL_CONVERSION = YES;
				CLANG_WARN_OBJC_IMPLICIT_RETAIN_SELF = YES;
				CLANG_WARN_OBJC_LITERAL_CONVERSION = YES;
				CLANG_WARN_OBJC_ROOT_CLASS = YES_ERROR;
				CLANG_WARN_QUOTED_INCLUDE_IN_FRAMEWORK_HEADER = YES;
				CLANG_WARN_RANGE_LOOP_ANALYSIS = YES;
				CLANG_WARN_STRICT_PROTOTYPES = YES;
				CLANG_WARN_SUSPICIOUS_MOVE = YES;
				CLANG_WARN_UNGUARDED_AVAILABILITY = YES_AGGRESSIVE;
				CLANG_WARN_UNREACHABLE_CODE = YES;
				CLANG_WARN__DUPLICATE_METHOD_MATCH = YES;
				COPY_PHASE_STRIP = NO;
				DEBUG_INFORMATION_FORMAT = dwarf;
				ENABLE_STRICT_OBJC_MSGSEND = YES;
				ENABLE_TESTABILITY = YES;
				ENABLE_USER_SCRIPT_SANDBOXING = YES;
				GCC_C_LANGUAGE_STANDARD = gnu17;
				GCC_DYNAMIC_NO_PIC = NO;
				GCC_NO_COMMON_BLOCKS = YES;
				GCC_OPTIMIZATION_LEVEL = 0;
				GCC_PREPROCESSOR_DEFINITIONS = (
					"DEBUG=1",
					"$(inherited)",
				);
				GCC_WARN_64_TO_32_BIT_CONVERSION = YES;
				GCC_WARN_ABOUT_RETURN_TYPE = YES_ERROR;
				GCC_WARN_UNDECLARED_SELECTOR = YES;
				GCC_WARN_UNINITIALIZED_AUTOS = YES_AGGRESSIVE;
				GCC_WARN_UNUSED_FUNCTION = YES;
				GCC_WARN_UNUSED_VARIABLE = YES;
				IPHONEOS_DEPLOYMENT_TARGET = 17.4;
				LOCALIZATION_PREFERS_STRING_CATALOGS = YES;
				MTL_ENABLE_DEBUG_INFO = INCLUDE_SOURCE;
				MTL_FAST_MATH = YES;
				ONLY_ACTIVE_ARCH = YES;
				SDKROOT = iphoneos;
				SWIFT_ACTIVE_COMPILATION_CONDITIONS = "DEBUG $(inherited)";
				SWIFT_OPTIMIZATION_LEVEL = "-Onone";
			};
			name = Debug;
		};
		AF573B102C05A22E003001B9 /* Release */ = {
			isa = XCBuildConfiguration;
			buildSettings = {
				ALWAYS_SEARCH_USER_PATHS = NO;
				ASSETCATALOG_COMPILER_GENERATE_SWIFT_ASSET_SYMBOL_EXTENSIONS = YES;
				CLANG_ANALYZER_NONNULL = YES;
				CLANG_ANALYZER_NUMBER_OBJECT_CONVERSION = YES_AGGRESSIVE;
				CLANG_CXX_LANGUAGE_STANDARD = "gnu++20";
				CLANG_ENABLE_MODULES = YES;
				CLANG_ENABLE_OBJC_ARC = YES;
				CLANG_ENABLE_OBJC_WEAK = YES;
				CLANG_WARN_BLOCK_CAPTURE_AUTORELEASING = YES;
				CLANG_WARN_BOOL_CONVERSION = YES;
				CLANG_WARN_COMMA = YES;
				CLANG_WARN_CONSTANT_CONVERSION = YES;
				CLANG_WARN_DEPRECATED_OBJC_IMPLEMENTATIONS = YES;
				CLANG_WARN_DIRECT_OBJC_ISA_USAGE = YES_ERROR;
				CLANG_WARN_DOCUMENTATION_COMMENTS = YES;
				CLANG_WARN_EMPTY_BODY = YES;
				CLANG_WARN_ENUM_CONVERSION = YES;
				CLANG_WARN_INFINITE_RECURSION = YES;
				CLANG_WARN_INT_CONVERSION = YES;
				CLANG_WARN_NON_LITERAL_NULL_CONVERSION = YES;
				CLANG_WARN_OBJC_IMPLICIT_RETAIN_SELF = YES;
				CLANG_WARN_OBJC_LITERAL_CONVERSION = YES;
				CLANG_WARN_OBJC_ROOT_CLASS = YES_ERROR;
				CLANG_WARN_QUOTED_INCLUDE_IN_FRAMEWORK_HEADER = YES;
				CLANG_WARN_RANGE_LOOP_ANALYSIS = YES;
				CLANG_WARN_STRICT_PROTOTYPES = YES;
				CLANG_WARN_SUSPICIOUS_MOVE = YES;
				CLANG_WARN_UNGUARDED_AVAILABILITY = YES_AGGRESSIVE;
				CLANG_WARN_UNREACHABLE_CODE = YES;
				CLANG_WARN__DUPLICATE_METHOD_MATCH = YES;
				COPY_PHASE_STRIP = NO;
				DEBUG_INFORMATION_FORMAT = "dwarf-with-dsym";
				ENABLE_NS_ASSERTIONS = NO;
				ENABLE_STRICT_OBJC_MSGSEND = YES;
				ENABLE_USER_SCRIPT_SANDBOXING = YES;
				GCC_C_LANGUAGE_STANDARD = gnu17;
				GCC_NO_COMMON_BLOCKS = YES;
				GCC_WARN_64_TO_32_BIT_CONVERSION = YES;
				GCC_WARN_ABOUT_RETURN_TYPE = YES_ERROR;
				GCC_WARN_UNDECLARED_SELECTOR = YES;
				GCC_WARN_UNINITIALIZED_AUTOS = YES_AGGRESSIVE;
				GCC_WARN_UNUSED_FUNCTION = YES;
				GCC_WARN_UNUSED_VARIABLE = YES;
				IPHONEOS_DEPLOYMENT_TARGET = 17.4;
				LOCALIZATION_PREFERS_STRING_CATALOGS = YES;
				MTL_ENABLE_DEBUG_INFO = NO;
				MTL_FAST_MATH = YES;
				SDKROOT = iphoneos;
				SWIFT_COMPILATION_MODE = wholemodule;
				VALIDATE_PRODUCT = YES;
			};
			name = Release;
		};
		AF573B122C05A22E003001B9 /* Debug */ = {
			isa = XCBuildConfiguration;
			buildSettings = {
				ASSETCATALOG_COMPILER_APPICON_NAME = AppIcon;
				ASSETCATALOG_COMPILER_GLOBAL_ACCENT_COLOR_NAME = AccentColor;
				CODE_SIGN_STYLE = Automatic;
				CURRENT_PROJECT_VERSION = 1;
				DEVELOPMENT_TEAM = H26KGNHNNP;
				GENERATE_INFOPLIST_FILE = YES;
				INFOPLIST_FILE = RadioTatina/Info.plist;
				INFOPLIST_KEY_UIApplicationSupportsIndirectInputEvents = YES;
				INFOPLIST_KEY_UILaunchStoryboardName = LaunchScreen;
				INFOPLIST_KEY_UISupportedInterfaceOrientations_iPad = "UIInterfaceOrientationPortrait UIInterfaceOrientationPortraitUpsideDown UIInterfaceOrientationLandscapeLeft UIInterfaceOrientationLandscapeRight";
				INFOPLIST_KEY_UISupportedInterfaceOrientations_iPhone = "UIInterfaceOrientationPortrait UIInterfaceOrientationLandscapeLeft UIInterfaceOrientationLandscapeRight";
				LD_RUNPATH_SEARCH_PATHS = (
					"$(inherited)",
					"@executable_path/Frameworks",
				);
				MARKETING_VERSION = 1.0;
				PRODUCT_BUNDLE_IDENTIFIER = com.tatu.RadioTatina;
				PRODUCT_NAME = "$(TARGET_NAME)";
				SWIFT_EMIT_LOC_STRINGS = YES;
				SWIFT_VERSION = 5.0;
				TARGETED_DEVICE_FAMILY = "1,2";
			};
			name = Debug;
		};
		AF573B132C05A22E003001B9 /* Release */ = {
			isa = XCBuildConfiguration;
			buildSettings = {
				ASSETCATALOG_COMPILER_APPICON_NAME = AppIcon;
				ASSETCATALOG_COMPILER_GLOBAL_ACCENT_COLOR_NAME = AccentColor;
				CODE_SIGN_STYLE = Automatic;
				CURRENT_PROJECT_VERSION = 1;
				DEVELOPMENT_TEAM = H26KGNHNNP;
				GENERATE_INFOPLIST_FILE = YES;
				INFOPLIST_FILE = RadioTatina/Info.plist;
				INFOPLIST_KEY_UIApplicationSupportsIndirectInputEvents = YES;
				INFOPLIST_KEY_UILaunchStoryboardName = LaunchScreen;
				INFOPLIST_KEY_UISupportedInterfaceOrientations_iPad = "UIInterfaceOrientationPortrait UIInterfaceOrientationPortraitUpsideDown UIInterfaceOrientationLandscapeLeft UIInterfaceOrientationLandscapeRight";
				INFOPLIST_KEY_UISupportedInterfaceOrientations_iPhone = "UIInterfaceOrientationPortrait UIInterfaceOrientationLandscapeLeft UIInterfaceOrientationLandscapeRight";
				LD_RUNPATH_SEARCH_PATHS = (
					"$(inherited)",
					"@executable_path/Frameworks",
				);
				MARKETING_VERSION = 1.0;
				PRODUCT_BUNDLE_IDENTIFIER = com.tatu.RadioTatina;
				PRODUCT_NAME = "$(TARGET_NAME)";
				SWIFT_EMIT_LOC_STRINGS = YES;
				SWIFT_VERSION = 5.0;
				TARGETED_DEVICE_FAMILY = "1,2";
			};
			name = Release;
		};
/* End XCBuildConfiguration section */

/* Begin XCConfigurationList section */
		AF573AF82C05A22C003001B9 /* Build configuration list for PBXProject "RadioTatina" */ = {
			isa = XCConfigurationList;
			buildConfigurations = (
				AF573B0F2C05A22E003001B9 /* Debug */,
				AF573B102C05A22E003001B9 /* Release */,
			);
			defaultConfigurationIsVisible = 0;
			defaultConfigurationName = Release;
		};
		AF573B112C05A22E003001B9 /* Build configuration list for PBXNativeTarget "RadioTatina" */ = {
			isa = XCConfigurationList;
			buildConfigurations = (
				AF573B122C05A22E003001B9 /* Debug */,
				AF573B132C05A22E003001B9 /* Release */,
			);
			defaultConfigurationIsVisible = 0;
			defaultConfigurationName = Release;
		};
/* End XCConfigurationList section */

/* Begin XCRemoteSwiftPackageReference section */
		AF573B142C05AB98003001B9 /* XCRemoteSwiftPackageReference "SnapKit" */ = {
			isa = XCRemoteSwiftPackageReference;
			repositoryURL = "https://github.com/SnapKit/SnapKit.git";
			requirement = {
				kind = upToNextMajorVersion;
				minimumVersion = 5.7.1;
			};
		};
/* End XCRemoteSwiftPackageReference section */

/* Begin XCSwiftPackageProductDependency section */
		AF573B152C05AB98003001B9 /* SnapKit */ = {
			isa = XCSwiftPackageProductDependency;
			package = AF573B142C05AB98003001B9 /* XCRemoteSwiftPackageReference "SnapKit" */;
			productName = SnapKit;
		};
		AF573B172C05AB98003001B9 /* SnapKit-Dynamic */ = {
			isa = XCSwiftPackageProductDependency;
			package = AF573B142C05AB98003001B9 /* XCRemoteSwiftPackageReference "SnapKit" */;
			productName = "SnapKit-Dynamic";
		};
/* End XCSwiftPackageProductDependency section */
	};
	rootObject = AF573AF52C05A22C003001B9 /* Project object */;
}
